
Microsoft Visual Studio Solution File, Format Version 12.00
# Visual Studio Version 17
VisualStudioVersion = 17.1.32407.343
MinimumVisualStudioVersion = 10.0.40219.1
Project("{9A19103F-16F7-4668-BE54-9A1E7A4F7556}") = "WhoAmIGame", "WhoAmIGame\WhoAmIGame.csproj", "{938C46FF-03F4-4AF4-A4AE-A0B2859F1D6E}"
EndProject
Project("{FAE04EC0-301F-11D3-BF4B-00C04F79EFBC}") = "WhoAmIGame.API", "WhoAmIGame.API\WhoAmIGame.API.csproj", "{6BB58152-CDD3-4675-B41F-E2A70C640C37}"
EndProject
Project("{2150E333-8FDC-42A3-9474-1A3956D46DE8}") = "Solution Items", "Solution Items", "{9206360C-0A3D-470D-8988-0ACF281CA9F9}"
	ProjectSection(SolutionItems) = preProject
		.editorconfig = .editorconfig
	EndProjectSection
EndProject
Global
	GlobalSection(SolutionConfigurationPlatforms) = preSolution
		Debug|Any CPU = Debug|Any CPU
		Release|Any CPU = Release|Any CPU
	EndGlobalSection
	GlobalSection(ProjectConfigurationPlatforms) = postSolution
		{938C46FF-03F4-4AF4-A4AE-A0B2859F1D6E}.Debug|Any CPU.ActiveCfg = Debug|Any CPU
		{938C46FF-03F4-4AF4-A4AE-A0B2859F1D6E}.Debug|Any CPU.Build.0 = Debug|Any CPU
		{938C46FF-03F4-4AF4-A4AE-A0B2859F1D6E}.Release|Any CPU.ActiveCfg = Release|Any CPU
		{938C46FF-03F4-4AF4-A4AE-A0B2859F1D6E}.Release|Any CPU.Build.0 = Release|Any CPU
		{6BB58152-CDD3-4675-B41F-E2A70C640C37}.Debug|Any CPU.ActiveCfg = Debug|Any CPU
		{6BB58152-CDD3-4675-B41F-E2A70C640C37}.Debug|Any CPU.Build.0 = Debug|Any CPU
		{6BB58152-CDD3-4675-B41F-E2A70C640C37}.Release|Any CPU.ActiveCfg = Release|Any CPU
		{6BB58152-CDD3-4675-B41F-E2A70C640C37}.Release|Any CPU.Build.0 = Release|Any CPU
	EndGlobalSection
	GlobalSection(SolutionProperties) = preSolution
		HideSolutionNode = FALSE
	EndGlobalSection
	GlobalSection(ExtensibilityGlobals) = postSolution
		SolutionGuid = {6F5F376D-17DA-4EDA-B0F3-CC508D613A0A}
	EndGlobalSection
EndGlobal
